
Microsoft Visual Studio Solution File, Format Version 10.00
# Visual Studio 2008
Project("{8BC9CEB8-8B4A-11D0-8D11-00A0C91BC942}") = "libavutil", "libavutil\libavutil.vcproj", "{360EA05D-89D7-405E-B935-66DCF7E1248F}"
EndProject
Project("{8BC9CEB8-8B4A-11D0-8D11-00A0C91BC942}") = "libavformat", "libavformat\libavformat.vcproj", "{F2A4E51C-C442-498C-B9CC-28DFC065A450}"
	ProjectSection(ProjectDependencies) = postProject
		{F477301D-1EE3-4E5B-9CFF-5DB97807C86D} = {F477301D-1EE3-4E5B-9CFF-5DB97807C86D}
		{1937533D-A227-41D1-8D38-FFD5BC66B613} = {1937533D-A227-41D1-8D38-FFD5BC66B613}
		{360EA05D-89D7-405E-B935-66DCF7E1248F} = {360EA05D-89D7-405E-B935-66DCF7E1248F}
	EndProjectSection
EndProject
Project("{8BC9CEB8-8B4A-11D0-8D11-00A0C91BC942}") = "libavcodec", "libavcodec\libavcodec.vcproj", "{1937533D-A227-41D1-8D38-FFD5BC66B613}"
	ProjectSection(ProjectDependencies) = postProject
		{360EA05D-89D7-405E-B935-66DCF7E1248F} = {360EA05D-89D7-405E-B935-66DCF7E1248F}
		{6A9F149D-15DE-4C41-8144-ADFA4761D2C9} = {6A9F149D-15DE-4C41-8144-ADFA4761D2C9}
	EndProjectSection
EndProject
Project("{8BC9CEB8-8B4A-11D0-8D11-00A0C91BC942}") = "zlib", "external\zlib\zlib.vcproj", "{6A9F149D-15DE-4C41-8144-ADFA4761D2C9}"
EndProject
Project("{8BC9CEB8-8B4A-11D0-8D11-00A0C91BC942}") = "ffplay", "ffplay\ffplay.vcproj", "{2F7FC4DF-1D56-41B7-BBE5-1371590E7E0C}"
	ProjectSection(ProjectDependencies) = postProject
		{F2A4E51C-C442-498C-B9CC-28DFC065A450} = {F2A4E51C-C442-498C-B9CC-28DFC065A450}
		{F477301D-1EE3-4E5B-9CFF-5DB97807C86D} = {F477301D-1EE3-4E5B-9CFF-5DB97807C86D}
		{1937533D-A227-41D1-8D38-FFD5BC66B613} = {1937533D-A227-41D1-8D38-FFD5BC66B613}
		{F266F25B-3DC5-4621-A610-5271F3FAA218} = {F266F25B-3DC5-4621-A610-5271F3FAA218}
		{360EA05D-89D7-405E-B935-66DCF7E1248F} = {360EA05D-89D7-405E-B935-66DCF7E1248F}
		{81CE8DAF-EBB2-4761-8E45-B71ABCCA8C68} = {81CE8DAF-EBB2-4761-8E45-B71ABCCA8C68}
		{DA956FD3-E142-46F2-9DD5-C78BEBB56B7A} = {DA956FD3-E142-46F2-9DD5-C78BEBB56B7A}
	EndProjectSection
EndProject
Project("{8BC9CEB8-8B4A-11D0-8D11-00A0C91BC942}") = "libswscale", "libswscale\libswscale.vcproj", "{F477301D-1EE3-4E5B-9CFF-5DB97807C86D}"
EndProject
Project("{8BC9CEB8-8B4A-11D0-8D11-00A0C91BC942}") = "SDL", "external\SDL-1.2.14\VisualC\SDL\SDL.vcproj", "{81CE8DAF-EBB2-4761-8E45-B71ABCCA8C68}"
EndProject
Project("{8BC9CEB8-8B4A-11D0-8D11-00A0C91BC942}") = "SDLmain", "external\SDL-1.2.14\VisualC\SDLmain\SDLmain.vcproj", "{DA956FD3-E142-46F2-9DD5-C78BEBB56B7A}"
EndProject
Project("{8BC9CEB8-8B4A-11D0-8D11-00A0C91BC942}") = "libavfilter", "libavfilter\libavfilter.vcproj", "{F266F25B-3DC5-4621-A610-5271F3FAA218}"
	ProjectSection(ProjectDependencies) = postProject
		{F2A4E51C-C442-498C-B9CC-28DFC065A450} = {F2A4E51C-C442-498C-B9CC-28DFC065A450}
		{F477301D-1EE3-4E5B-9CFF-5DB97807C86D} = {F477301D-1EE3-4E5B-9CFF-5DB97807C86D}
		{1937533D-A227-41D1-8D38-FFD5BC66B613} = {1937533D-A227-41D1-8D38-FFD5BC66B613}
		{360EA05D-89D7-405E-B935-66DCF7E1248F} = {360EA05D-89D7-405E-B935-66DCF7E1248F}
	EndProjectSection
EndProject
Project("{8BC9CEB8-8B4A-11D0-8D11-00A0C91BC942}") = "ffmpeg", "ffmpeg\ffmpeg.vcproj", "{0E0A71B4-A084-41C8-9B38-F1D7B0A3A71B}"
	ProjectSection(ProjectDependencies) = postProject
		{F2A4E51C-C442-498C-B9CC-28DFC065A450} = {F2A4E51C-C442-498C-B9CC-28DFC065A450}
		{F477301D-1EE3-4E5B-9CFF-5DB97807C86D} = {F477301D-1EE3-4E5B-9CFF-5DB97807C86D}
		{1937533D-A227-41D1-8D38-FFD5BC66B613} = {1937533D-A227-41D1-8D38-FFD5BC66B613}
		{F266F25B-3DC5-4621-A610-5271F3FAA218} = {F266F25B-3DC5-4621-A610-5271F3FAA218}
		{360EA05D-89D7-405E-B935-66DCF7E1248F} = {360EA05D-89D7-405E-B935-66DCF7E1248F}
	EndProjectSection
EndProject
Global
	GlobalSection(SolutionConfigurationPlatforms) = preSolution
		Debug|Win32 = Debug|Win32
		Release_NoSTDIO|Win32 = Release_NoSTDIO|Win32
		Release|Win32 = Release|Win32
	EndGlobalSection
	GlobalSection(ProjectConfigurationPlatforms) = postSolution
		{360EA05D-89D7-405E-B935-66DCF7E1248F}.Debug|Win32.ActiveCfg = Debug|Win32
		{360EA05D-89D7-405E-B935-66DCF7E1248F}.Debug|Win32.Build.0 = Debug|Win32
		{360EA05D-89D7-405E-B935-66DCF7E1248F}.Release_NoSTDIO|Win32.ActiveCfg = Release|Win32
		{360EA05D-89D7-405E-B935-66DCF7E1248F}.Release_NoSTDIO|Win32.Build.0 = Release|Win32
		{360EA05D-89D7-405E-B935-66DCF7E1248F}.Release|Win32.ActiveCfg = Release|Win32
		{360EA05D-89D7-405E-B935-66DCF7E1248F}.Release|Win32.Build.0 = Release|Win32
		{F2A4E51C-C442-498C-B9CC-28DFC065A450}.Debug|Win32.ActiveCfg = Debug|Win32
		{F2A4E51C-C442-498C-B9CC-28DFC065A450}.Debug|Win32.Build.0 = Debug|Win32
		{F2A4E51C-C442-498C-B9CC-28DFC065A450}.Release_NoSTDIO|Win32.ActiveCfg = Release|Win32
		{F2A4E51C-C442-498C-B9CC-28DFC065A450}.Release_NoSTDIO|Win32.Build.0 = Release|Win32
		{F2A4E51C-C442-498C-B9CC-28DFC065A450}.Release|Win32.ActiveCfg = Release|Win32
		{F2A4E51C-C442-498C-B9CC-28DFC065A450}.Release|Win32.Build.0 = Release|Win32
		{1937533D-A227-41D1-8D38-FFD5BC66B613}.Debug|Win32.ActiveCfg = Debug|Win32
		{1937533D-A227-41D1-8D38-FFD5BC66B613}.Debug|Win32.Build.0 = Debug|Win32
		{1937533D-A227-41D1-8D38-FFD5BC66B613}.Release_NoSTDIO|Win32.ActiveCfg = Release|Win32
		{1937533D-A227-41D1-8D38-FFD5BC66B613}.Release_NoSTDIO|Win32.Build.0 = Release|Win32
		{1937533D-A227-41D1-8D38-FFD5BC66B613}.Release|Win32.ActiveCfg = Release|Win32
		{1937533D-A227-41D1-8D38-FFD5BC66B613}.Release|Win32.Build.0 = Release|Win32
		{6A9F149D-15DE-4C41-8144-ADFA4761D2C9}.Debug|Win32.ActiveCfg = Debug|Win32
		{6A9F149D-15DE-4C41-8144-ADFA4761D2C9}.Debug|Win32.Build.0 = Debug|Win32
		{6A9F149D-15DE-4C41-8144-ADFA4761D2C9}.Release_NoSTDIO|Win32.ActiveCfg = Release|Win32
		{6A9F149D-15DE-4C41-8144-ADFA4761D2C9}.Release_NoSTDIO|Win32.Build.0 = Release|Win32
		{6A9F149D-15DE-4C41-8144-ADFA4761D2C9}.Release|Win32.ActiveCfg = Release|Win32
		{6A9F149D-15DE-4C41-8144-ADFA4761D2C9}.Release|Win32.Build.0 = Release|Win32
		{2F7FC4DF-1D56-41B7-BBE5-1371590E7E0C}.Debug|Win32.ActiveCfg = Debug|Win32
		{2F7FC4DF-1D56-41B7-BBE5-1371590E7E0C}.Debug|Win32.Build.0 = Debug|Win32
		{2F7FC4DF-1D56-41B7-BBE5-1371590E7E0C}.Release_NoSTDIO|Win32.ActiveCfg = Release|Win32
		{2F7FC4DF-1D56-41B7-BBE5-1371590E7E0C}.Release_NoSTDIO|Win32.Build.0 = Release|Win32
		{2F7FC4DF-1D56-41B7-BBE5-1371590E7E0C}.Release|Win32.ActiveCfg = Release|Win32
		{2F7FC4DF-1D56-41B7-BBE5-1371590E7E0C}.Release|Win32.Build.0 = Release|Win32
		{F477301D-1EE3-4E5B-9CFF-5DB97807C86D}.Debug|Win32.ActiveCfg = Debug|Win32
		{F477301D-1EE3-4E5B-9CFF-5DB97807C86D}.Debug|Win32.Build.0 = Debug|Win32
		{F477301D-1EE3-4E5B-9CFF-5DB97807C86D}.Release_NoSTDIO|Win32.ActiveCfg = Release|Win32
		{F477301D-1EE3-4E5B-9CFF-5DB97807C86D}.Release_NoSTDIO|Win32.Build.0 = Release|Win32
		{F477301D-1EE3-4E5B-9CFF-5DB97807C86D}.Release|Win32.ActiveCfg = Release|Win32
		{F477301D-1EE3-4E5B-9CFF-5DB97807C86D}.Release|Win32.Build.0 = Release|Win32
		{81CE8DAF-EBB2-4761-8E45-B71ABCCA8C68}.Debug|Win32.ActiveCfg = Debug|Win32
		{81CE8DAF-EBB2-4761-8E45-B71ABCCA8C68}.Debug|Win32.Build.0 = Debug|Win32
		{81CE8DAF-EBB2-4761-8E45-B71ABCCA8C68}.Release_NoSTDIO|Win32.ActiveCfg = Release|Win32
		{81CE8DAF-EBB2-4761-8E45-B71ABCCA8C68}.Release_NoSTDIO|Win32.Build.0 = Release|Win32
		{81CE8DAF-EBB2-4761-8E45-B71ABCCA8C68}.Release|Win32.ActiveCfg = Release|Win32
		{81CE8DAF-EBB2-4761-8E45-B71ABCCA8C68}.Release|Win32.Build.0 = Release|Win32
		{DA956FD3-E142-46F2-9DD5-C78BEBB56B7A}.Debug|Win32.ActiveCfg = Debug|Win32
		{DA956FD3-E142-46F2-9DD5-C78BEBB56B7A}.Debug|Win32.Build.0 = Debug|Win32
		{DA956FD3-E142-46F2-9DD5-C78BEBB56B7A}.Release_NoSTDIO|Win32.ActiveCfg = Release_NoSTDIO|Win32
		{DA956FD3-E142-46F2-9DD5-C78BEBB56B7A}.Release_NoSTDIO|Win32.Build.0 = Release_NoSTDIO|Win32
		{DA956FD3-E142-46F2-9DD5-C78BEBB56B7A}.Release|Win32.ActiveCfg = Release|Win32
		{DA956FD3-E142-46F2-9DD5-C78BEBB56B7A}.Release|Win32.Build.0 = Release|Win32
		{F266F25B-3DC5-4621-A610-5271F3FAA218}.Debug|Win32.ActiveCfg = Debug|Win32
		{F266F25B-3DC5-4621-A610-5271F3FAA218}.Debug|Win32.Build.0 = Debug|Win32
		{F266F25B-3DC5-4621-A610-5271F3FAA218}.Release_NoSTDIO|Win32.ActiveCfg = Release|Win32
		{F266F25B-3DC5-4621-A610-5271F3FAA218}.Release_NoSTDIO|Win32.Build.0 = Release|Win32
		{F266F25B-3DC5-4621-A610-5271F3FAA218}.Release|Win32.ActiveCfg = Release|Win32
		{F266F25B-3DC5-4621-A610-5271F3FAA218}.Release|Win32.Build.0 = Release|Win32
		{0E0A71B4-A084-41C8-9B38-F1D7B0A3A71B}.Debug|Win32.ActiveCfg = Debug|Win32
		{0E0A71B4-A084-41C8-9B38-F1D7B0A3A71B}.Debug|Win32.Build.0 = Debug|Win32
		{0E0A71B4-A084-41C8-9B38-F1D7B0A3A71B}.Release_NoSTDIO|Win32.ActiveCfg = Release|Win32
		{0E0A71B4-A084-41C8-9B38-F1D7B0A3A71B}.Release_NoSTDIO|Win32.Build.0 = Release|Win32
		{0E0A71B4-A084-41C8-9B38-F1D7B0A3A71B}.Release|Win32.ActiveCfg = Release|Win32
		{0E0A71B4-A084-41C8-9B38-F1D7B0A3A71B}.Release|Win32.Build.0 = Release|Win32
	EndGlobalSection
	GlobalSection(SolutionProperties) = preSolution
		HideSolutionNode = FALSE
	EndGlobalSection
EndGlobal
